{
  "name": "pn-dataset",
  "lockfileVersion": 2,
  "requires": true,
  "packages": {
    "": {
      "dependencies": {
        "@pnfo/singlish-search": "^1.2.0",
        "es6-promise-pool": "^2.5.0",
        "json-beautify": "^1.1.1"
      }
    },
    "node_modules/@pnfo/singlish-search": {
      "version": "1.2.0",
      "resolved": "https://registry.npmjs.org/@pnfo/singlish-search/-/singlish-search-1.2.0.tgz",
      "integrity": "sha512-ZsIXbLphv//5MAbKZTedsQWjVP88DWb5m6Y0+5rJ2JpA4exbdKpnnHLukmeMKRiCIY+QOg2kDJHBB8G7OyrY1Q=="
    },
    "node_modules/es6-promise-pool": {
      "version": "2.5.0",
      "resolved": "https://registry.npmjs.org/es6-promise-pool/-/es6-promise-pool-2.5.0.tgz",
      "integrity": "sha512-VHErXfzR/6r/+yyzPKeBvO0lgjfC5cbDCQWjWwMZWSb6YU39TGIl51OUmCfWCq4ylMdJSB8zkz2vIuIeIxXApA==",
      "engines": {
        "node": ">=0.10.0"
      }
    },
    "node_modules/json-beautify": {
      "version": "1.1.1",
      "resolved": "https://registry.npmjs.org/json-beautify/-/json-beautify-1.1.1.tgz",
      "integrity": "sha512-17j+Hk2lado0xqKtUcyAjK0AtoHnPSIgktWRsEXgdFQFG9UnaGw6CHa0J7xsvulxRpFl6CrkDFHght1p5ZJc4A==",
      "bin": {
        "json-beautify": "bin/json-beautify"
      }
    }
  },
  "dependencies": {
    "@pnfo/singlish-search": {
      "version": "1.2.0",
      "resolved": "https://registry.npmjs.org/@pnfo/singlish-search/-/singlish-search-1.2.0.tgz",
      "integrity": "sha512-ZsIXbLphv//5MAbKZTedsQWjVP88DWb5m6Y0+5rJ2JpA4exbdKpnnHLukmeMKRiCIY+QOg2kDJHBB8G7OyrY1Q=="
    },
    "es6-promise-pool": {
      "version": "2.5.0",
      "resolved": "https://registry.npmjs.org/es6-promise-pool/-/es6-promise-pool-2.5.0.tgz",
      "integrity": "sha512-VHErXfzR/6r/+yyzPKeBvO0lgjfC5cbDCQWjWwMZWSb6YU39TGIl51OUmCfWCq4ylMdJSB8zkz2vIuIeIxXApA=="
    },
    "json-beautify": {
      "version": "1.1.1",
      "resolved": "https://registry.npmjs.org/json-beautify/-/json-beautify-1.1.1.tgz",
      "integrity": "sha512-17j+Hk2lado0xqKtUcyAjK0AtoHnPSIgktWRsEXgdFQFG9UnaGw6CHa0J7xsvulxRpFl6CrkDFHght1p5ZJc4A=="
    }
  }
}
